
Microsoft Visual Studio Solution File, Format Version 12.00
# Visual Studio Version 17
VisualStudioVersion = 17.13.35931.197 d17.13
MinimumVisualStudioVersion = 10.0.40219.1
Project("{FAE04EC0-301F-11D3-BF4B-00C04F79EFBC}") = "Hospital.DAL", "Hospital.DAL\Hospital.DAL.csproj", "{08D0C03F-A849-4AFC-ABA8-2ACE7ADF0ED2}"
EndProject
Global
	GlobalSection(SolutionConfigurationPlatforms) = preSolution
		Debug|Any CPU = Debug|Any CPU
		Release|Any CPU = Release|Any CPU
	EndGlobalSection
	GlobalSection(ProjectConfigurationPlatforms) = postSolution
		{08D0C03F-A849-4AFC-ABA8-2ACE7ADF0ED2}.Debug|Any CPU.ActiveCfg = Debug|Any CPU
		{08D0C03F-A849-4AFC-ABA8-2ACE7ADF0ED2}.Debug|Any CPU.Build.0 = Debug|Any CPU
		{08D0C03F-A849-4AFC-ABA8-2ACE7ADF0ED2}.Release|Any CPU.ActiveCfg = Release|Any CPU
		{08D0C03F-A849-4AFC-ABA8-2ACE7ADF0ED2}.Release|Any CPU.Build.0 = Release|Any CPU
	EndGlobalSection
	GlobalSection(SolutionProperties) = preSolution
		HideSolutionNode = FALSE
	EndGlobalSection
	GlobalSection(ExtensibilityGlobals) = postSolution
		SolutionGuid = {527D3B32-68F3-413A-8047-12F03C5095E8}
	EndGlobalSection
EndGlobal
